
Microsoft Visual Studio Solution File, Format Version 12.00
# Visual Studio Version 16
Project("{8BC9CEB8-8B4A-11D0-8D11-00A0C91BC942}") = "GenesisEngine", "GenesisEngine\GenesisEngine.vcxproj", "{A914A11E-15D5-1C55-DE0F-66D24A8F6131}"
EndProject
Project("{8BC9CEB8-8B4A-11D0-8D11-00A0C91BC942}") = "GenesisSandbox", "GenesisSandbox\GenesisSandbox.vcxproj", "{82A89B0A-6E76-8F10-570A-003743776B75}"
EndProject
Global
	GlobalSection(SolutionConfigurationPlatforms) = preSolution
		Debug|x64 = Debug|x64
		Dist|x64 = Dist|x64
		Release|x64 = Release|x64
	EndGlobalSection
	GlobalSection(ProjectConfigurationPlatforms) = postSolution
		{A914A11E-15D5-1C55-DE0F-66D24A8F6131}.Debug|x64.ActiveCfg = Debug|x64
		{A914A11E-15D5-1C55-DE0F-66D24A8F6131}.Debug|x64.Build.0 = Debug|x64
		{A914A11E-15D5-1C55-DE0F-66D24A8F6131}.Dist|x64.ActiveCfg = Dist|x64
		{A914A11E-15D5-1C55-DE0F-66D24A8F6131}.Dist|x64.Build.0 = Dist|x64
		{A914A11E-15D5-1C55-DE0F-66D24A8F6131}.Release|x64.ActiveCfg = Release|x64
		{A914A11E-15D5-1C55-DE0F-66D24A8F6131}.Release|x64.Build.0 = Release|x64
		{82A89B0A-6E76-8F10-570A-003743776B75}.Debug|x64.ActiveCfg = Debug|x64
		{82A89B0A-6E76-8F10-570A-003743776B75}.Debug|x64.Build.0 = Debug|x64
		{82A89B0A-6E76-8F10-570A-003743776B75}.Dist|x64.ActiveCfg = Dist|x64
		{82A89B0A-6E76-8F10-570A-003743776B75}.Dist|x64.Build.0 = Dist|x64
		{82A89B0A-6E76-8F10-570A-003743776B75}.Release|x64.ActiveCfg = Release|x64
		{82A89B0A-6E76-8F10-570A-003743776B75}.Release|x64.Build.0 = Release|x64
	EndGlobalSection
	GlobalSection(SolutionProperties) = preSolution
		HideSolutionNode = FALSE
	EndGlobalSection
EndGlobal
